
Microsoft Visual Studio Solution File, Format Version 12.00
# Visual Studio Version 17
VisualStudioVersion = 17.6.33829.357
MinimumVisualStudioVersion = 10.0.40219.1
Project("{FAE04EC0-301F-11D3-BF4B-00C04F79EFBC}") = "2do Parcial", "2do Parcial\2do Parcial.csproj", "{FED5F4E6-0F1A-40EC-B2C7-08892D9F5E1D}"
EndProject
Project("{FAE04EC0-301F-11D3-BF4B-00C04F79EFBC}") = "Service", "Service\Service.csproj", "{4F4E8D39-A80D-40A3-A412-EF939DC65128}"
EndProject
Project("{FAE04EC0-301F-11D3-BF4B-00C04F79EFBC}") = "BibliotecaDTO", "BibliotecaDTO\BibliotecaDTO.csproj", "{A6FD3878-2C4E-4DBA-82BB-835F5EF464E2}"
EndProject
Project("{FAE04EC0-301F-11D3-BF4B-00C04F79EFBC}") = "WebPage", "WebPage\WebPage.csproj", "{6E07EAAD-CC1A-4941-9143-FD0D7AD386A2}"
EndProject
Project("{FAE04EC0-301F-11D3-BF4B-00C04F79EFBC}") = "WebController", "WebController\WebController.csproj", "{C26AA07F-3F96-422C-8742-AFB1C9C9DB94}"
EndProject
Global
	GlobalSection(SolutionConfigurationPlatforms) = preSolution
		Debug|Any CPU = Debug|Any CPU
		Release|Any CPU = Release|Any CPU
	EndGlobalSection
	GlobalSection(ProjectConfigurationPlatforms) = postSolution
		{FED5F4E6-0F1A-40EC-B2C7-08892D9F5E1D}.Debug|Any CPU.ActiveCfg = Debug|Any CPU
		{FED5F4E6-0F1A-40EC-B2C7-08892D9F5E1D}.Debug|Any CPU.Build.0 = Debug|Any CPU
		{FED5F4E6-0F1A-40EC-B2C7-08892D9F5E1D}.Release|Any CPU.ActiveCfg = Release|Any CPU
		{FED5F4E6-0F1A-40EC-B2C7-08892D9F5E1D}.Release|Any CPU.Build.0 = Release|Any CPU
		{4F4E8D39-A80D-40A3-A412-EF939DC65128}.Debug|Any CPU.ActiveCfg = Debug|Any CPU
		{4F4E8D39-A80D-40A3-A412-EF939DC65128}.Debug|Any CPU.Build.0 = Debug|Any CPU
		{4F4E8D39-A80D-40A3-A412-EF939DC65128}.Release|Any CPU.ActiveCfg = Release|Any CPU
		{4F4E8D39-A80D-40A3-A412-EF939DC65128}.Release|Any CPU.Build.0 = Release|Any CPU
		{A6FD3878-2C4E-4DBA-82BB-835F5EF464E2}.Debug|Any CPU.ActiveCfg = Debug|Any CPU
		{A6FD3878-2C4E-4DBA-82BB-835F5EF464E2}.Debug|Any CPU.Build.0 = Debug|Any CPU
		{A6FD3878-2C4E-4DBA-82BB-835F5EF464E2}.Release|Any CPU.ActiveCfg = Release|Any CPU
		{A6FD3878-2C4E-4DBA-82BB-835F5EF464E2}.Release|Any CPU.Build.0 = Release|Any CPU
		{6E07EAAD-CC1A-4941-9143-FD0D7AD386A2}.Debug|Any CPU.ActiveCfg = Debug|Any CPU
		{6E07EAAD-CC1A-4941-9143-FD0D7AD386A2}.Debug|Any CPU.Build.0 = Debug|Any CPU
		{6E07EAAD-CC1A-4941-9143-FD0D7AD386A2}.Release|Any CPU.ActiveCfg = Release|Any CPU
		{6E07EAAD-CC1A-4941-9143-FD0D7AD386A2}.Release|Any CPU.Build.0 = Release|Any CPU
		{C26AA07F-3F96-422C-8742-AFB1C9C9DB94}.Debug|Any CPU.ActiveCfg = Debug|Any CPU
		{C26AA07F-3F96-422C-8742-AFB1C9C9DB94}.Debug|Any CPU.Build.0 = Debug|Any CPU
		{C26AA07F-3F96-422C-8742-AFB1C9C9DB94}.Release|Any CPU.ActiveCfg = Release|Any CPU
		{C26AA07F-3F96-422C-8742-AFB1C9C9DB94}.Release|Any CPU.Build.0 = Release|Any CPU
	EndGlobalSection
	GlobalSection(SolutionProperties) = preSolution
		HideSolutionNode = FALSE
	EndGlobalSection
	GlobalSection(ExtensibilityGlobals) = postSolution
		SolutionGuid = {A49C4C5E-9E2C-46F4-8430-849701B0E25C}
	EndGlobalSection
EndGlobal
